// !$*UTF8*$!
{
	archiveVersion = 1;
	classes = {
	};
	objectVersion = 56;
	objects = {

/* Begin PBXBuildFile section */
		DB2E4E272C19E53200854485 /* SearchItem.swift in Sources */ = {isa = PBXBuildFile; fileRef = DB2E4E262C19E53200854485 /* SearchItem.swift */; };
		DB4A80182C135D1E0006AC7B /* ShopItem.swift in Sources */ = {isa = PBXBuildFile; fileRef = DB4A80172C135D1E0006AC7B /* ShopItem.swift */; };
		DB4A801C2C1360AE0006AC7B /* SettingsPage.swift in Sources */ = {isa = PBXBuildFile; fileRef = DB4A801B2C1360AE0006AC7B /* SettingsPage.swift */; };
		DB5FD8AC2C162D42009330C7 /* SearchPage.swift in Sources */ = {isa = PBXBuildFile; fileRef = DB5FD8AB2C162D42009330C7 /* SearchPage.swift */; };
		DB73DA502C1BB99600B2134C /* AddNewItemView.swift in Sources */ = {isa = PBXBuildFile; fileRef = DB73DA4F2C1BB99600B2134C /* AddNewItemView.swift */; };
		DB8688062C1B333E00D51190 /* ItemDetailView.swift in Sources */ = {isa = PBXBuildFile; fileRef = DB8688052C1B333E00D51190 /* ItemDetailView.swift */; };
		DBD56EE92C0E2D730068C445 /* T_SApp.swift in Sources */ = {isa = PBXBuildFile; fileRef = DBD56EE82C0E2D730068C445 /* T_SApp.swift */; };
		DBD56EEB2C0E2D730068C445 /* HomePage.swift in Sources */ = {isa = PBXBuildFile; fileRef = DBD56EEA2C0E2D730068C445 /* HomePage.swift */; };
		DBD56EED2C0E2D740068C445 /* Assets.xcassets in Resources */ = {isa = PBXBuildFile; fileRef = DBD56EEC2C0E2D740068C445 /* Assets.xcassets */; };
		DBD56EF02C0E2D740068C445 /* Preview Assets.xcassets in Resources */ = {isa = PBXBuildFile; fileRef = DBD56EEF2C0E2D740068C445 /* Preview Assets.xcassets */; };
		DBF895A62C16239F004EB104 /* Auth in Frameworks */ = {isa = PBXBuildFile; productRef = DBF895A52C16239F004EB104 /* Auth */; };
		DBF895A82C16239F004EB104 /* Functions in Frameworks */ = {isa = PBXBuildFile; productRef = DBF895A72C16239F004EB104 /* Functions */; };
		DBF895AA2C16239F004EB104 /* PostgREST in Frameworks */ = {isa = PBXBuildFile; productRef = DBF895A92C16239F004EB104 /* PostgREST */; };
		DBF895AC2C16239F004EB104 /* Realtime in Frameworks */ = {isa = PBXBuildFile; productRef = DBF895AB2C16239F004EB104 /* Realtime */; };
		DBF895AE2C16239F004EB104 /* Storage in Frameworks */ = {isa = PBXBuildFile; productRef = DBF895AD2C16239F004EB104 /* Storage */; };
		DBF895B02C16239F004EB104 /* Supabase in Frameworks */ = {isa = PBXBuildFile; productRef = DBF895AF2C16239F004EB104 /* Supabase */; };
		DBF895B32C16263A004EB104 /* Supabase.swift in Sources */ = {isa = PBXBuildFile; fileRef = DBF895B22C16263A004EB104 /* Supabase.swift */; };
/* End PBXBuildFile section */

/* Begin PBXFileReference section */
		DB2E4E262C19E53200854485 /* SearchItem.swift */ = {isa = PBXFileReference; lastKnownFileType = sourcecode.swift; path = SearchItem.swift; sourceTree = "<group>"; };
		DB4A80172C135D1E0006AC7B /* ShopItem.swift */ = {isa = PBXFileReference; lastKnownFileType = sourcecode.swift; path = ShopItem.swift; sourceTree = "<group>"; };
		DB4A801B2C1360AE0006AC7B /* SettingsPage.swift */ = {isa = PBXFileReference; lastKnownFileType = sourcecode.swift; path = SettingsPage.swift; sourceTree = "<group>"; };
		DB5FD8AB2C162D42009330C7 /* SearchPage.swift */ = {isa = PBXFileReference; lastKnownFileType = sourcecode.swift; path = SearchPage.swift; sourceTree = "<group>"; };
		DB73DA4F2C1BB99600B2134C /* AddNewItemView.swift */ = {isa = PBXFileReference; lastKnownFileType = sourcecode.swift; path = AddNewItemView.swift; sourceTree = "<group>"; };
		DB8688052C1B333E00D51190 /* ItemDetailView.swift */ = {isa = PBXFileReference; lastKnownFileType = sourcecode.swift; path = ItemDetailView.swift; sourceTree = "<group>"; };
		DBD56EE52C0E2D730068C445 /* T&S.app */ = {isa = PBXFileReference; explicitFileType = wrapper.application; includeInIndex = 0; path = "T&S.app"; sourceTree = BUILT_PRODUCTS_DIR; };
		DBD56EE82C0E2D730068C445 /* T_SApp.swift */ = {isa = PBXFileReference; lastKnownFileType = sourcecode.swift; path = T_SApp.swift; sourceTree = "<group>"; };
		DBD56EEA2C0E2D730068C445 /* HomePage.swift */ = {isa = PBXFileReference; lastKnownFileType = sourcecode.swift; path = HomePage.swift; sourceTree = "<group>"; };
		DBD56EEC2C0E2D740068C445 /* Assets.xcassets */ = {isa = PBXFileReference; lastKnownFileType = folder.assetcatalog; path = Assets.xcassets; sourceTree = "<group>"; };
		DBD56EEF2C0E2D740068C445 /* Preview Assets.xcassets */ = {isa = PBXFileReference; lastKnownFileType = folder.assetcatalog; path = "Preview Assets.xcassets"; sourceTree = "<group>"; };
		DBF895B22C16263A004EB104 /* Supabase.swift */ = {isa = PBXFileReference; lastKnownFileType = sourcecode.swift; path = Supabase.swift; sourceTree = "<group>"; };
/* End PBXFileReference section */

/* Begin PBXFrameworksBuildPhase section */
		DBD56EE22C0E2D730068C445 /* Frameworks */ = {
			isa = PBXFrameworksBuildPhase;
			buildActionMask = 2147483647;
			files = (
				DBF895AA2C16239F004EB104 /* PostgREST in Frameworks */,
				DBF895A82C16239F004EB104 /* Functions in Frameworks */,
				DBF895B02C16239F004EB104 /* Supabase in Frameworks */,
				DBF895A62C16239F004EB104 /* Auth in Frameworks */,
				DBF895AE2C16239F004EB104 /* Storage in Frameworks */,
				DBF895AC2C16239F004EB104 /* Realtime in Frameworks */,
			);
			runOnlyForDeploymentPostprocessing = 0;
		};
/* End PBXFrameworksBuildPhase section */

/* Begin PBXGroup section */
		DBD56EDC2C0E2D720068C445 = {
			isa = PBXGroup;
			children = (
				DBD56EE72C0E2D730068C445 /* T&S */,
				DBD56EE62C0E2D730068C445 /* Products */,
			);
			sourceTree = "<group>";
		};
		DBD56EE62C0E2D730068C445 /* Products */ = {
			isa = PBXGroup;
			children = (
				DBD56EE52C0E2D730068C445 /* T&S.app */,
			);
			name = Products;
			sourceTree = "<group>";
		};
		DBD56EE72C0E2D730068C445 /* T&S */ = {
			isa = PBXGroup;
			children = (
				DBD56EE82C0E2D730068C445 /* T_SApp.swift */,
				DBF895B12C162623004EB104 /* Helper */,
				DBD56EF82C0E3F160068C445 /* Model  */,
				DBD56EEC2C0E2D740068C445 /* Assets.xcassets */,
				DBD56EF62C0E3EF40068C445 /* Views */,
				DBD56EF72C0E3F0E0068C445 /* View Model */,
				DBD56EEE2C0E2D740068C445 /* Preview Content */,
			);
			path = "T&S";
			sourceTree = "<group>";
		};
		DBD56EEE2C0E2D740068C445 /* Preview Content */ = {
			isa = PBXGroup;
			children = (
				DBD56EEF2C0E2D740068C445 /* Preview Assets.xcassets */,
			);
			path = "Preview Content";
			sourceTree = "<group>";
		};
		DBD56EF62C0E3EF40068C445 /* Views */ = {
			isa = PBXGroup;
			children = (
				DBD56EEA2C0E2D730068C445 /* HomePage.swift */,
				DB4A80172C135D1E0006AC7B /* ShopItem.swift */,
				DB4A801B2C1360AE0006AC7B /* SettingsPage.swift */,
				DB5FD8AB2C162D42009330C7 /* SearchPage.swift */,
				DB8688052C1B333E00D51190 /* ItemDetailView.swift */,
				DB73DA4F2C1BB99600B2134C /* AddNewItemView.swift */,
			);
			path = Views;
			sourceTree = "<group>";
		};
		DBD56EF72C0E3F0E0068C445 /* View Model */ = {
			isa = PBXGroup;
			children = (
			);
			path = "View Model";
			sourceTree = "<group>";
		};
		DBD56EF82C0E3F160068C445 /* Model  */ = {
			isa = PBXGroup;
			children = (
				DB2E4E262C19E53200854485 /* SearchItem.swift */,
			);
			name = "Model ";
			sourceTree = "<group>";
		};
		DBF895B12C162623004EB104 /* Helper */ = {
			isa = PBXGroup;
			children = (
				DBF895B22C16263A004EB104 /* Supabase.swift */,
			);
			path = Helper;
			sourceTree = "<group>";
		};
/* End PBXGroup section */

/* Begin PBXNativeTarget section */
		DBD56EE42C0E2D730068C445 /* T&S */ = {
			isa = PBXNativeTarget;
			buildConfigurationList = DBD56EF32C0E2D740068C445 /* Build configuration list for PBXNativeTarget "T&S" */;
			buildPhases = (
				DBD56EE12C0E2D730068C445 /* Sources */,
				DBD56EE22C0E2D730068C445 /* Frameworks */,
				DBD56EE32C0E2D730068C445 /* Resources */,
			);
			buildRules = (
			);
			dependencies = (
			);
			name = "T&S";
			packageProductDependencies = (
				DBF895A52C16239F004EB104 /* Auth */,
				DBF895A72C16239F004EB104 /* Functions */,
				DBF895A92C16239F004EB104 /* PostgREST */,
				DBF895AB2C16239F004EB104 /* Realtime */,
				DBF895AD2C16239F004EB104 /* Storage */,
				DBF895AF2C16239F004EB104 /* Supabase */,
			);
			productName = "T&S";
			productReference = DBD56EE52C0E2D730068C445 /* T&S.app */;
			productType = "com.apple.product-type.application";
		};
/* End PBXNativeTarget section */

/* Begin PBXProject section */
		DBD56EDD2C0E2D720068C445 /* Project object */ = {
			isa = PBXProject;
			attributes = {
				BuildIndependentTargetsInParallel = 1;
				LastSwiftUpdateCheck = 1540;
				LastUpgradeCheck = 1540;
				TargetAttributes = {
					DBD56EE42C0E2D730068C445 = {
						CreatedOnToolsVersion = 15.4;
					};
				};
			};
			buildConfigurationList = DBD56EE02C0E2D730068C445 /* Build configuration list for PBXProject "T&S" */;
			compatibilityVersion = "Xcode 14.0";
			developmentRegion = en;
			hasScannedForEncodings = 0;
			knownRegions = (
				en,
				Base,
			);
			mainGroup = DBD56EDC2C0E2D720068C445;
			packageReferences = (
				DBF895A42C16239F004EB104 /* XCRemoteSwiftPackageReference "supabase-swift" */,
			);
			productRefGroup = DBD56EE62C0E2D730068C445 /* Products */;
			projectDirPath = "";
			projectRoot = "";
			targets = (
				DBD56EE42C0E2D730068C445 /* T&S */,
			);
		};
/* End PBXProject section */

/* Begin PBXResourcesBuildPhase section */
		DBD56EE32C0E2D730068C445 /* Resources */ = {
			isa = PBXResourcesBuildPhase;
			buildActionMask = 2147483647;
			files = (
				DBD56EF02C0E2D740068C445 /* Preview Assets.xcassets in Resources */,
				DBD56EED2C0E2D740068C445 /* Assets.xcassets in Resources */,
			);
			runOnlyForDeploymentPostprocessing = 0;
		};
/* End PBXResourcesBuildPhase section */

/* Begin PBXSourcesBuildPhase section */
		DBD56EE12C0E2D730068C445 /* Sources */ = {
			isa = PBXSourcesBuildPhase;
			buildActionMask = 2147483647;
			files = (
				DBD56EEB2C0E2D730068C445 /* HomePage.swift in Sources */,
				DBF895B32C16263A004EB104 /* Supabase.swift in Sources */,
				DB8688062C1B333E00D51190 /* ItemDetailView.swift in Sources */,
				DB5FD8AC2C162D42009330C7 /* SearchPage.swift in Sources */,
				DBD56EE92C0E2D730068C445 /* T_SApp.swift in Sources */,
				DB73DA502C1BB99600B2134C /* AddNewItemView.swift in Sources */,
				DB4A80182C135D1E0006AC7B /* ShopItem.swift in Sources */,
				DB2E4E272C19E53200854485 /* SearchItem.swift in Sources */,
				DB4A801C2C1360AE0006AC7B /* SettingsPage.swift in Sources */,
			);
			runOnlyForDeploymentPostprocessing = 0;
		};
/* End PBXSourcesBuildPhase section */

/* Begin XCBuildConfiguration section */
		DBD56EF12C0E2D740068C445 /* Debug */ = {
			isa = XCBuildConfiguration;
			buildSettings = {
				ALWAYS_SEARCH_USER_PATHS = NO;
				ASSETCATALOG_COMPILER_GENERATE_SWIFT_ASSET_SYMBOL_EXTENSIONS = YES;
				CLANG_ANALYZER_NONNULL = YES;
				CLANG_ANALYZER_NUMBER_OBJECT_CONVERSION = YES_AGGRESSIVE;
				CLANG_CXX_LANGUAGE_STANDARD = "gnu++20";
				CLANG_ENABLE_MODULES = YES;
				CLANG_ENABLE_OBJC_ARC = YES;
				CLANG_ENABLE_OBJC_WEAK = YES;
				CLANG_WARN_BLOCK_CAPTURE_AUTORELEASING = YES;
				CLANG_WARN_BOOL_CONVERSION = YES;
				CLANG_WARN_COMMA = YES;
				CLANG_WARN_CONSTANT_CONVERSION = YES;
				CLANG_WARN_DEPRECATED_OBJC_IMPLEMENTATIONS = YES;
				CLANG_WARN_DIRECT_OBJC_ISA_USAGE = YES_ERROR;
				CLANG_WARN_DOCUMENTATION_COMMENTS = YES;
				CLANG_WARN_EMPTY_BODY = YES;
				CLANG_WARN_ENUM_CONVERSION = YES;
				CLANG_WARN_INFINITE_RECURSION = YES;
				CLANG_WARN_INT_CONVERSION = YES;
				CLANG_WARN_NON_LITERAL_NULL_CONVERSION = YES;
				CLANG_WARN_OBJC_IMPLICIT_RETAIN_SELF = YES;
				CLANG_WARN_OBJC_LITERAL_CONVERSION = YES;
				CLANG_WARN_OBJC_ROOT_CLASS = YES_ERROR;
				CLANG_WARN_QUOTED_INCLUDE_IN_FRAMEWORK_HEADER = YES;
				CLANG_WARN_RANGE_LOOP_ANALYSIS = YES;
				CLANG_WARN_STRICT_PROTOTYPES = YES;
				CLANG_WARN_SUSPICIOUS_MOVE = YES;
				CLANG_WARN_UNGUARDED_AVAILABILITY = YES_AGGRESSIVE;
				CLANG_WARN_UNREACHABLE_CODE = YES;
				CLANG_WARN__DUPLICATE_METHOD_MATCH = YES;
				COPY_PHASE_STRIP = NO;
				DEBUG_INFORMATION_FORMAT = dwarf;
				ENABLE_STRICT_OBJC_MSGSEND = YES;
				ENABLE_TESTABILITY = YES;
				ENABLE_USER_SCRIPT_SANDBOXING = YES;
				GCC_C_LANGUAGE_STANDARD = gnu17;
				GCC_DYNAMIC_NO_PIC = NO;
				GCC_NO_COMMON_BLOCKS = YES;
				GCC_OPTIMIZATION_LEVEL = 0;
				GCC_PREPROCESSOR_DEFINITIONS = (
					"DEBUG=1",
					"$(inherited)",
				);
				GCC_WARN_64_TO_32_BIT_CONVERSION = YES;
				GCC_WARN_ABOUT_RETURN_TYPE = YES_ERROR;
				GCC_WARN_UNDECLARED_SELECTOR = YES;
				GCC_WARN_UNINITIALIZED_AUTOS = YES_AGGRESSIVE;
				GCC_WARN_UNUSED_FUNCTION = YES;
				GCC_WARN_UNUSED_VARIABLE = YES;
				IPHONEOS_DEPLOYMENT_TARGET = 17.5;
				LOCALIZATION_PREFERS_STRING_CATALOGS = YES;
				MTL_ENABLE_DEBUG_INFO = INCLUDE_SOURCE;
				MTL_FAST_MATH = YES;
				ONLY_ACTIVE_ARCH = YES;
				SDKROOT = iphoneos;
				SWIFT_ACTIVE_COMPILATION_CONDITIONS = "DEBUG $(inherited)";
				SWIFT_OPTIMIZATION_LEVEL = "-Onone";
			};
			name = Debug;
		};
		DBD56EF22C0E2D740068C445 /* Release */ = {
			isa = XCBuildConfiguration;
			buildSettings = {
				ALWAYS_SEARCH_USER_PATHS = NO;
				ASSETCATALOG_COMPILER_GENERATE_SWIFT_ASSET_SYMBOL_EXTENSIONS = YES;
				CLANG_ANALYZER_NONNULL = YES;
				CLANG_ANALYZER_NUMBER_OBJECT_CONVERSION = YES_AGGRESSIVE;
				CLANG_CXX_LANGUAGE_STANDARD = "gnu++20";
				CLANG_ENABLE_MODULES = YES;
				CLANG_ENABLE_OBJC_ARC = YES;
				CLANG_ENABLE_OBJC_WEAK = YES;
				CLANG_WARN_BLOCK_CAPTURE_AUTORELEASING = YES;
				CLANG_WARN_BOOL_CONVERSION = YES;
				CLANG_WARN_COMMA = YES;
				CLANG_WARN_CONSTANT_CONVERSION = YES;
				CLANG_WARN_DEPRECATED_OBJC_IMPLEMENTATIONS = YES;
				CLANG_WARN_DIRECT_OBJC_ISA_USAGE = YES_ERROR;
				CLANG_WARN_DOCUMENTATION_COMMENTS = YES;
				CLANG_WARN_EMPTY_BODY = YES;
				CLANG_WARN_ENUM_CONVERSION = YES;
				CLANG_WARN_INFINITE_RECURSION = YES;
				CLANG_WARN_INT_CONVERSION = YES;
				CLANG_WARN_NON_LITERAL_NULL_CONVERSION = YES;
				CLANG_WARN_OBJC_IMPLICIT_RETAIN_SELF = YES;
				CLANG_WARN_OBJC_LITERAL_CONVERSION = YES;
				CLANG_WARN_OBJC_ROOT_CLASS = YES_ERROR;
				CLANG_WARN_QUOTED_INCLUDE_IN_FRAMEWORK_HEADER = YES;
				CLANG_WARN_RANGE_LOOP_ANALYSIS = YES;
				CLANG_WARN_STRICT_PROTOTYPES = YES;
				CLANG_WARN_SUSPICIOUS_MOVE = YES;
				CLANG_WARN_UNGUARDED_AVAILABILITY = YES_AGGRESSIVE;
				CLANG_WARN_UNREACHABLE_CODE = YES;
				CLANG_WARN__DUPLICATE_METHOD_MATCH = YES;
				COPY_PHASE_STRIP = NO;
				DEBUG_INFORMATION_FORMAT = "dwarf-with-dsym";
				ENABLE_NS_ASSERTIONS = NO;
				ENABLE_STRICT_OBJC_MSGSEND = YES;
				ENABLE_USER_SCRIPT_SANDBOXING = YES;
				GCC_C_LANGUAGE_STANDARD = gnu17;
				GCC_NO_COMMON_BLOCKS = YES;
				GCC_WARN_64_TO_32_BIT_CONVERSION = YES;
				GCC_WARN_ABOUT_RETURN_TYPE = YES_ERROR;
				GCC_WARN_UNDECLARED_SELECTOR = YES;
				GCC_WARN_UNINITIALIZED_AUTOS = YES_AGGRESSIVE;
				GCC_WARN_UNUSED_FUNCTION = YES;
				GCC_WARN_UNUSED_VARIABLE = YES;
				IPHONEOS_DEPLOYMENT_TARGET = 17.5;
				LOCALIZATION_PREFERS_STRING_CATALOGS = YES;
				MTL_ENABLE_DEBUG_INFO = NO;
				MTL_FAST_MATH = YES;
				SDKROOT = iphoneos;
				SWIFT_COMPILATION_MODE = wholemodule;
				VALIDATE_PRODUCT = YES;
			};
			name = Release;
		};
		DBD56EF42C0E2D740068C445 /* Debug */ = {
			isa = XCBuildConfiguration;
			buildSettings = {
				ASSETCATALOG_COMPILER_APPICON_NAME = AppIcon;
				ASSETCATALOG_COMPILER_GLOBAL_ACCENT_COLOR_NAME = AccentColor;
				CODE_SIGN_STYLE = Automatic;
				CURRENT_PROJECT_VERSION = 1;
				DEVELOPMENT_ASSET_PATHS = "\"T&S/Preview Content\"";
				DEVELOPMENT_TEAM = Y5H78DP4LK;
				ENABLE_PREVIEWS = YES;
				GENERATE_INFOPLIST_FILE = YES;
				INFOPLIST_KEY_UIApplicationSceneManifest_Generation = YES;
				INFOPLIST_KEY_UIApplicationSupportsIndirectInputEvents = YES;
				INFOPLIST_KEY_UILaunchScreen_Generation = YES;
				INFOPLIST_KEY_UISupportedInterfaceOrientations_iPad = "UIInterfaceOrientationPortrait UIInterfaceOrientationPortraitUpsideDown UIInterfaceOrientationLandscapeLeft UIInterfaceOrientationLandscapeRight";
				INFOPLIST_KEY_UISupportedInterfaceOrientations_iPhone = "UIInterfaceOrientationPortrait UIInterfaceOrientationLandscapeLeft UIInterfaceOrientationLandscapeRight";
				LD_RUNPATH_SEARCH_PATHS = (
					"$(inherited)",
					"@executable_path/Frameworks",
				);
				MARKETING_VERSION = 1.0;
				PRODUCT_BUNDLE_IDENTIFIER = "com.CooperAJ.T-S";
				PRODUCT_NAME = "$(TARGET_NAME)";
				SWIFT_EMIT_LOC_STRINGS = YES;
				SWIFT_VERSION = 5.0;
				TARGETED_DEVICE_FAMILY = "1,2";
			};
			name = Debug;
		};
		DBD56EF52C0E2D740068C445 /* Release */ = {
			isa = XCBuildConfiguration;
			buildSettings = {
				ASSETCATALOG_COMPILER_APPICON_NAME = AppIcon;
				ASSETCATALOG_COMPILER_GLOBAL_ACCENT_COLOR_NAME = AccentColor;
				CODE_SIGN_STYLE = Automatic;
				CURRENT_PROJECT_VERSION = 1;
				DEVELOPMENT_ASSET_PATHS = "\"T&S/Preview Content\"";
				DEVELOPMENT_TEAM = Y5H78DP4LK;
				ENABLE_PREVIEWS = YES;
				GENERATE_INFOPLIST_FILE = YES;
				INFOPLIST_KEY_UIApplicationSceneManifest_Generation = YES;
				INFOPLIST_KEY_UIApplicationSupportsIndirectInputEvents = YES;
				INFOPLIST_KEY_UILaunchScreen_Generation = YES;
				INFOPLIST_KEY_UISupportedInterfaceOrientations_iPad = "UIInterfaceOrientationPortrait UIInterfaceOrientationPortraitUpsideDown UIInterfaceOrientationLandscapeLeft UIInterfaceOrientationLandscapeRight";
				INFOPLIST_KEY_UISupportedInterfaceOrientations_iPhone = "UIInterfaceOrientationPortrait UIInterfaceOrientationLandscapeLeft UIInterfaceOrientationLandscapeRight";
				LD_RUNPATH_SEARCH_PATHS = (
					"$(inherited)",
					"@executable_path/Frameworks",
				);
				MARKETING_VERSION = 1.0;
				PRODUCT_BUNDLE_IDENTIFIER = "com.CooperAJ.T-S";
				PRODUCT_NAME = "$(TARGET_NAME)";
				SWIFT_EMIT_LOC_STRINGS = YES;
				SWIFT_VERSION = 5.0;
				TARGETED_DEVICE_FAMILY = "1,2";
			};
			name = Release;
		};
/* End XCBuildConfiguration section */

/* Begin XCConfigurationList section */
		DBD56EE02C0E2D730068C445 /* Build configuration list for PBXProject "T&S" */ = {
			isa = XCConfigurationList;
			buildConfigurations = (
				DBD56EF12C0E2D740068C445 /* Debug */,
				DBD56EF22C0E2D740068C445 /* Release */,
			);
			defaultConfigurationIsVisible = 0;
			defaultConfigurationName = Release;
		};
		DBD56EF32C0E2D740068C445 /* Build configuration list for PBXNativeTarget "T&S" */ = {
			isa = XCConfigurationList;
			buildConfigurations = (
				DBD56EF42C0E2D740068C445 /* Debug */,
				DBD56EF52C0E2D740068C445 /* Release */,
			);
			defaultConfigurationIsVisible = 0;
			defaultConfigurationName = Release;
		};
/* End XCConfigurationList section */

/* Begin XCRemoteSwiftPackageReference section */
		DBF895A42C16239F004EB104 /* XCRemoteSwiftPackageReference "supabase-swift" */ = {
			isa = XCRemoteSwiftPackageReference;
			repositoryURL = "https://github.com/supabase-community/supabase-swift";
			requirement = {
				kind = upToNextMajorVersion;
				minimumVersion = 2.5.1;
			};
		};
/* End XCRemoteSwiftPackageReference section */

/* Begin XCSwiftPackageProductDependency section */
		DBF895A52C16239F004EB104 /* Auth */ = {
			isa = XCSwiftPackageProductDependency;
			package = DBF895A42C16239F004EB104 /* XCRemoteSwiftPackageReference "supabase-swift" */;
			productName = Auth;
		};
		DBF895A72C16239F004EB104 /* Functions */ = {
			isa = XCSwiftPackageProductDependency;
			package = DBF895A42C16239F004EB104 /* XCRemoteSwiftPackageReference "supabase-swift" */;
			productName = Functions;
		};
		DBF895A92C16239F004EB104 /* PostgREST */ = {
			isa = XCSwiftPackageProductDependency;
			package = DBF895A42C16239F004EB104 /* XCRemoteSwiftPackageReference "supabase-swift" */;
			productName = PostgREST;
		};
		DBF895AB2C16239F004EB104 /* Realtime */ = {
			isa = XCSwiftPackageProductDependency;
			package = DBF895A42C16239F004EB104 /* XCRemoteSwiftPackageReference "supabase-swift" */;
			productName = Realtime;
		};
		DBF895AD2C16239F004EB104 /* Storage */ = {
			isa = XCSwiftPackageProductDependency;
			package = DBF895A42C16239F004EB104 /* XCRemoteSwiftPackageReference "supabase-swift" */;
			productName = Storage;
		};
		DBF895AF2C16239F004EB104 /* Supabase */ = {
			isa = XCSwiftPackageProductDependency;
			package = DBF895A42C16239F004EB104 /* XCRemoteSwiftPackageReference "supabase-swift" */;
			productName = Supabase;
		};
/* End XCSwiftPackageProductDependency section */
	};
	rootObject = DBD56EDD2C0E2D720068C445 /* Project object */;
}
